{
  "nodes": {
    "advisory-db": {
      "flake": false,
      "locked": {
        "lastModified": 1727103737,
        "narHash": "sha256-otyUwbqaXYkeBxPy3Gf0ACB0rHl23OzAlfpsVvY1hbc=",
        "owner": "rustsec",
        "repo": "advisory-db",
        "rev": "45780a4d66ad647bd3c148509fb081943efdacfd",
        "type": "github"
      },
      "original": {
        "owner": "rustsec",
        "repo": "advisory-db",
        "type": "github"
      }
    },
    "cachix": {
      "inputs": {
        "devenv": "devenv_2",
        "flake-compat": [
          "multilab",
          "devenv",
          "flake-compat"
        ],
        "nixpkgs": [
          "multilab",
          "devenv",
          "nixpkgs"
        ],
        "pre-commit-hooks": [
          "multilab",
          "devenv",
          "pre-commit-hooks"
        ]
      },
      "locked": {
        "lastModified": 1712055811,
        "narHash": "sha256-7FcfMm5A/f02yyzuavJe06zLa9hcMHsagE28ADcmQvk=",
        "owner": "cachix",
        "repo": "cachix",
        "rev": "02e38da89851ec7fec3356a5c04bc8349cae0e30",
        "type": "github"
      },
      "original": {
        "owner": "cachix",
        "repo": "cachix",
        "type": "github"
      }
    },
    "catppuccin": {
      "locked": {
        "lastModified": 1726952185,
        "narHash": "sha256-l/HbsQjJMT6tlf8KCooFYi3J6wjIips3n6/aWAoLY4g=",
        "owner": "catppuccin",
        "repo": "nix",
        "rev": "630b559cc1cb4c0bdd525af506935323e4ccd5d1",
        "type": "github"
      },
      "original": {
        "owner": "catppuccin",
        "repo": "nix",
        "type": "github"
      }
    },
    "clan-core": {
      "inputs": {
        "disko": "disko",
        "flake-parts": "flake-parts",
        "nixos-facter-modules": "nixos-facter-modules",
        "nixos-images": "nixos-images",
        "nixpkgs": [
          "nixpkgs"
        ],
        "sops-nix": "sops-nix",
        "systems": "systems",
        "treefmt-nix": "treefmt-nix"
      },
      "locked": {
        "lastModified": 1727461919,
        "narHash": "sha256-EY9VV7R2w7gEbYz1rE6+VQrnhTkldJWDyaiSq0W290k=",
        "rev": "86cb4035f4b834037a482b481f4d465032675ec2",
        "revCount": 4235,
        "type": "git",
        "url": "file:///stash/home/kal/cu/src/nix/clan-core"
      },
      "original": {
        "rev": "86cb4035f4b834037a482b481f4d465032675ec2",
        "type": "git",
        "url": "file:///stash/home/kal/cu/src/nix/clan-core"
      }
    },
    "crane": {
      "locked": {
        "lastModified": 1727060013,
        "narHash": "sha256-/fC5YlJy4IoAW9GhkJiwyzk0K/gQd9Qi4rRcoweyG9E=",
        "owner": "ipetkov",
        "repo": "crane",
        "rev": "6b40cc876c929bfe1e3a24bf538ce3b5622646ba",
        "type": "github"
      },
      "original": {
        "owner": "ipetkov",
        "repo": "crane",
        "type": "github"
      }
    },
    "devenv": {
      "inputs": {
        "cachix": "cachix",
        "flake-compat": "flake-compat_2",
        "nix": "nix_2",
        "nixpkgs": [
          "multilab",
          "nixpkgs"
        ],
        "pre-commit-hooks": "pre-commit-hooks"
      },
      "locked": {
        "lastModified": 1721761939,
        "narHash": "sha256-q/ERT4Ui315opFz4h4+BsJ/zrTYdXkwq13vvrpL+KzM=",
        "owner": "cachix",
        "repo": "devenv",
        "rev": "8c115a9222133af25fa08330982c4ceae9e24563",
        "type": "github"
      },
      "original": {
        "owner": "cachix",
        "ref": "v1.0.8",
        "repo": "devenv",
        "type": "github"
      }
    },
    "devenv-root": {
      "flake": false,
      "locked": {
        "narHash": "sha256-d6xi4mKdjkX2JFicDIv5niSzpyI0m/Hnm8GGAIU04kY=",
        "type": "file",
        "url": "file:///dev/null"
      },
      "original": {
        "type": "file",
        "url": "file:///dev/null"
      }
    },
    "devenv_2": {
      "inputs": {
        "flake-compat": [
          "multilab",
          "devenv",
          "cachix",
          "flake-compat"
        ],
        "nix": "nix",
        "nixpkgs": "nixpkgs",
        "poetry2nix": "poetry2nix",
        "pre-commit-hooks": [
          "multilab",
          "devenv",
          "cachix",
          "pre-commit-hooks"
        ]
      },
      "locked": {
        "lastModified": 1708704632,
        "narHash": "sha256-w+dOIW60FKMaHI1q5714CSibk99JfYxm0CzTinYWr+Q=",
        "owner": "cachix",
        "repo": "devenv",
        "rev": "2ee4450b0f4b95a1b90f2eb5ffea98b90e48c196",
        "type": "github"
      },
      "original": {
        "owner": "cachix",
        "ref": "python-rewrite",
        "repo": "devenv",
        "type": "github"
      }
    },
    "disko": {
      "inputs": {
        "nixpkgs": [
          "clan-core",
          "nixpkgs"
        ]
      },
      "locked": {
        "lastModified": 1727156717,
        "narHash": "sha256-Ef7UgoTdOB4PGQKSkHGu6SOxnTiArPHGcRf8qGFC39o=",
        "owner": "nix-community",
        "repo": "disko",
        "rev": "c61e50b63ad50dda5797b1593ad7771be496efbb",
        "type": "github"
      },
      "original": {
        "owner": "nix-community",
        "repo": "disko",
        "type": "github"
      }
    },
    "fenix": {
      "inputs": {
        "nixpkgs": [
          "multilab",
          "nixpkgs"
        ],
        "rust-analyzer-src": [
          "multilab"
        ]
      },
      "locked": {
        "lastModified": 1727073227,
        "narHash": "sha256-1kmkEQmFfGVuPBasqSZrNThqyMDV1SzTalQdRZxtDRs=",
        "owner": "nix-community",
        "repo": "fenix",
        "rev": "88cc292eb3c689073c784d6aecc0edbd47e12881",
        "type": "github"
      },
      "original": {
        "owner": "nix-community",
        "ref": "main",
        "repo": "fenix",
        "type": "github"
      }
    },
    "flake-compat": {
      "flake": false,
      "locked": {
        "lastModified": 1673956053,
        "narHash": "sha256-4gtG9iQuiKITOjNQQeQIpoIB6b16fm+504Ch3sNKLd8=",
        "owner": "edolstra",
        "repo": "flake-compat",
        "rev": "35bb57c0c8d8b62bbfd284272c928ceb64ddbde9",
        "type": "github"
      },
      "original": {
        "owner": "edolstra",
        "repo": "flake-compat",
        "type": "github"
      }
    },
    "flake-compat_2": {
      "flake": false,
      "locked": {
        "lastModified": 1696426674,
        "narHash": "sha256-kvjfFW7WAETZlt09AgDn1MrtKzP7t90Vf7vypd3OL1U=",
        "owner": "edolstra",
        "repo": "flake-compat",
        "rev": "0f9255e01c2351cc7d116c072cb317785dd33b33",
        "type": "github"
      },
      "original": {
        "owner": "edolstra",
        "repo": "flake-compat",
        "type": "github"
      }
    },
    "flake-parts": {
      "inputs": {
        "nixpkgs-lib": [
          "clan-core",
          "nixpkgs"
        ]
      },
      "locked": {
        "lastModified": 1726153070,
        "narHash": "sha256-HO4zgY0ekfwO5bX0QH/3kJ/h4KvUDFZg8YpkNwIbg1U=",
        "owner": "hercules-ci",
        "repo": "flake-parts",
        "rev": "bcef6817a8b2aa20a5a6dbb19b43e63c5bf8619a",
        "type": "github"
      },
      "original": {
        "owner": "hercules-ci",
        "repo": "flake-parts",
        "type": "github"
      }
    },
    "flake-parts_2": {
      "inputs": {
        "nixpkgs-lib": [
          "multilab",
          "nixpkgs"
        ]
      },
      "locked": {
        "lastModified": 1726153070,
        "narHash": "sha256-HO4zgY0ekfwO5bX0QH/3kJ/h4KvUDFZg8YpkNwIbg1U=",
        "owner": "hercules-ci",
        "repo": "flake-parts",
        "rev": "bcef6817a8b2aa20a5a6dbb19b43e63c5bf8619a",
        "type": "github"
      },
      "original": {
        "owner": "hercules-ci",
        "repo": "flake-parts",
        "type": "github"
      }
    },
    "flake-parts_3": {
      "inputs": {
        "nixpkgs-lib": [
          "multilab-config",
          "nixpkgs"
        ]
      },
      "locked": {
        "lastModified": 1726153070,
        "narHash": "sha256-HO4zgY0ekfwO5bX0QH/3kJ/h4KvUDFZg8YpkNwIbg1U=",
        "owner": "hercules-ci",
        "repo": "flake-parts",
        "rev": "bcef6817a8b2aa20a5a6dbb19b43e63c5bf8619a",
        "type": "github"
      },
      "original": {
        "owner": "hercules-ci",
        "repo": "flake-parts",
        "type": "github"
      }
    },
    "flake-utils": {
      "inputs": {
        "systems": "systems_2"
      },
      "locked": {
        "lastModified": 1689068808,
        "narHash": "sha256-6ixXo3wt24N/melDWjq70UuHQLxGV8jZvooRanIHXw0=",
        "owner": "numtide",
        "repo": "flake-utils",
        "rev": "919d646de7be200f3bf08cb76ae1f09402b6f9b4",
        "type": "github"
      },
      "original": {
        "owner": "numtide",
        "repo": "flake-utils",
        "type": "github"
      }
    },
    "flake-utils_2": {
      "inputs": {
        "systems": "systems_3"
      },
      "locked": {
        "lastModified": 1710146030,
        "narHash": "sha256-SZ5L6eA7HJ/nmkzGG7/ISclqe6oZdOZTNoesiInkXPQ=",
        "owner": "numtide",
        "repo": "flake-utils",
        "rev": "b1d9ab70662946ef0850d488da1c9019f3a9752a",
        "type": "github"
      },
      "original": {
        "owner": "numtide",
        "repo": "flake-utils",
        "type": "github"
      }
    },
    "flake-utils_3": {
      "inputs": {
        "systems": "systems_4"
      },
      "locked": {
        "lastModified": 1710146030,
        "narHash": "sha256-SZ5L6eA7HJ/nmkzGG7/ISclqe6oZdOZTNoesiInkXPQ=",
        "owner": "numtide",
        "repo": "flake-utils",
        "rev": "b1d9ab70662946ef0850d488da1c9019f3a9752a",
        "type": "github"
      },
      "original": {
        "owner": "numtide",
        "repo": "flake-utils",
        "type": "github"
      }
    },
    "gitignore": {
      "inputs": {
        "nixpkgs": [
          "multilab",
          "devenv",
          "pre-commit-hooks",
          "nixpkgs"
        ]
      },
      "locked": {
        "lastModified": 1709087332,
        "narHash": "sha256-HG2cCnktfHsKV0s4XW83gU3F57gaTljL9KNSuG6bnQs=",
        "owner": "hercules-ci",
        "repo": "gitignore.nix",
        "rev": "637db329424fd7e46cf4185293b9cc8c88c95394",
        "type": "github"
      },
      "original": {
        "owner": "hercules-ci",
        "repo": "gitignore.nix",
        "type": "github"
      }
    },
    "home-manager": {
      "inputs": {
        "nixpkgs": [
          "nixpkgs"
        ]
      },
      "locked": {
        "lastModified": 1727119247,
        "narHash": "sha256-OMc75A1ty+ImVzM1o1H+TlnpW/QQULTzKLH6MVWSHfk=",
        "owner": "lopter",
        "repo": "home-manager",
        "rev": "f917b026e20798789ba43a2692c045882e6a0bc5",
        "type": "github"
      },
      "original": {
        "owner": "lopter",
        "ref": "kwriteconfig6",
        "repo": "home-manager",
        "type": "github"
      }
    },
    "mk-shell-bin": {
      "locked": {
        "lastModified": 1677004959,
        "narHash": "sha256-/uEkr1UkJrh11vD02aqufCxtbF5YnhRTIKlx5kyvf+I=",
        "owner": "rrbutani",
        "repo": "nix-mk-shell-bin",
        "rev": "ff5d8bd4d68a347be5042e2f16caee391cd75887",
        "type": "github"
      },
      "original": {
        "owner": "rrbutani",
        "repo": "nix-mk-shell-bin",
        "type": "github"
      }
    },
    "multilab": {
      "inputs": {
        "advisory-db": "advisory-db",
        "crane": "crane",
        "devenv": "devenv",
        "devenv-root": "devenv-root",
        "fenix": "fenix",
        "flake-parts": "flake-parts_2",
        "mk-shell-bin": "mk-shell-bin",
        "nix2container": "nix2container",
        "nixpkgs": "nixpkgs_2",
        "nixpkgs-unfree": "nixpkgs-unfree",
        "rust-manifest": "rust-manifest",
        "rust-manifest-nightly": "rust-manifest-nightly"
      },
      "locked": {
        "lastModified": 1727480014,
        "narHash": "sha256-Aik57BLAAKPAdfZu5xLKyNazHRIhlQJmxpy89w8Qb80=",
        "ref": "wip",
        "rev": "2d5e363c25cd6f905f5ec75084258dc3ee0cf5ab",
        "revCount": 91,
        "type": "git",
        "url": "ssh://gitolite.kalessin.fr/louis/multilab"
      },
      "original": {
        "ref": "wip",
        "type": "git",
        "url": "ssh://gitolite.kalessin.fr/louis/multilab"
      }
    },
    "multilab-config": {
      "inputs": {
        "flake-parts": "flake-parts_3",
        "multilab": [
          "multilab"
        ],
        "nixpkgs": [
          "nixpkgs"
        ],
        "nixpkgs-unfree": [
          "multilab-config",
          "multilab",
          "nixpkgs-unfree"
        ]
      },
      "locked": {
        "lastModified": 1727480267,
        "narHash": "sha256-ZXKHe3CntkOm8towzxlELHb4umIfPhBp2XHKo7V8lE0=",
        "ref": "main",
        "rev": "bb4827c03fa84f53f98ca096bb7c306892f8422d",
        "revCount": 70,
        "type": "git",
        "url": "ssh://gitolite.kalessin.fr/louis/multilab-config"
      },
      "original": {
        "ref": "main",
        "type": "git",
        "url": "ssh://gitolite.kalessin.fr/louis/multilab-config"
      }
    },
    "nix": {
      "inputs": {
        "flake-compat": "flake-compat",
        "nixpkgs": [
          "multilab",
          "devenv",
          "cachix",
          "devenv",
          "nixpkgs"
        ],
        "nixpkgs-regression": "nixpkgs-regression"
      },
      "locked": {
        "lastModified": 1712911606,
        "narHash": "sha256-BGvBhepCufsjcUkXnEEXhEVjwdJAwPglCC2+bInc794=",
        "owner": "domenkozar",
        "repo": "nix",
        "rev": "b24a9318ea3f3600c1e24b4a00691ee912d4de12",
        "type": "github"
      },
      "original": {
        "owner": "domenkozar",
        "ref": "devenv-2.21",
        "repo": "nix",
        "type": "github"
      }
    },
    "nix-github-actions": {
      "inputs": {
        "nixpkgs": [
          "multilab",
          "devenv",
          "cachix",
          "devenv",
          "poetry2nix",
          "nixpkgs"
        ]
      },
      "locked": {
        "lastModified": 1688870561,
        "narHash": "sha256-4UYkifnPEw1nAzqqPOTL2MvWtm3sNGw1UTYTalkTcGY=",
        "owner": "nix-community",
        "repo": "nix-github-actions",
        "rev": "165b1650b753316aa7f1787f3005a8d2da0f5301",
        "type": "github"
      },
      "original": {
        "owner": "nix-community",
        "repo": "nix-github-actions",
        "type": "github"
      }
    },
    "nix2container": {
      "inputs": {
        "flake-utils": "flake-utils_3",
        "nixpkgs": [
          "multilab",
          "nixpkgs"
        ]
      },
      "locked": {
        "lastModified": 1724996935,
        "narHash": "sha256-njRK9vvZ1JJsP8oV2OgkBrpJhgQezI03S7gzskCcHos=",
        "owner": "nlewo",
        "repo": "nix2container",
        "rev": "fa6bb0a1159f55d071ba99331355955ae30b3401",
        "type": "github"
      },
      "original": {
        "owner": "nlewo",
        "repo": "nix2container",
        "type": "github"
      }
    },
    "nix_2": {
      "inputs": {
        "flake-compat": [
          "multilab",
          "devenv",
          "flake-compat"
        ],
        "nixpkgs": [
          "multilab",
          "devenv",
          "nixpkgs"
        ],
        "nixpkgs-regression": "nixpkgs-regression_2"
      },
      "locked": {
        "lastModified": 1712911606,
        "narHash": "sha256-BGvBhepCufsjcUkXnEEXhEVjwdJAwPglCC2+bInc794=",
        "owner": "domenkozar",
        "repo": "nix",
        "rev": "b24a9318ea3f3600c1e24b4a00691ee912d4de12",
        "type": "github"
      },
      "original": {
        "owner": "domenkozar",
        "ref": "devenv-2.21",
        "repo": "nix",
        "type": "github"
      }
    },
    "nixos-facter-modules": {
      "locked": {
        "lastModified": 1726827416,
        "narHash": "sha256-U2rPYu3iDI3GN1H6MN3NoCuVrAJlBJ9nNWRQY8Cs32Y=",
        "owner": "numtide",
        "repo": "nixos-facter-modules",
        "rev": "6eb13404bbe40b9a5ef9984792b27933658571fa",
        "type": "github"
      },
      "original": {
        "owner": "numtide",
        "repo": "nixos-facter-modules",
        "type": "github"
      }
    },
    "nixos-hardware": {
      "locked": {
        "lastModified": 1727437159,
        "narHash": "sha256-v4qLwEw5OmprgQZTT7KZMNU7JjXJzRypw8+Cw6++fWk=",
        "owner": "NixOS",
        "repo": "nixos-hardware",
        "rev": "d830ad47cc992b4a46b342bbc79694cbd0e980b2",
        "type": "github"
      },
      "original": {
        "owner": "NixOS",
        "repo": "nixos-hardware",
        "type": "github"
      }
    },
    "nixos-images": {
      "inputs": {
        "nixos-stable": [
          "clan-core"
        ],
        "nixos-unstable": [
          "clan-core",
          "nixpkgs"
        ]
      },
      "locked": {
        "lastModified": 1727055034,
        "narHash": "sha256-nRy1zsY8HPIGgyfQFsopkC9kmpxC9Dl/+POs7RYMug0=",
        "owner": "nix-community",
        "repo": "nixos-images",
        "rev": "1420644027326490d330828b941a8e612b9cc130",
        "type": "github"
      },
      "original": {
        "owner": "nix-community",
        "repo": "nixos-images",
        "type": "github"
      }
    },
    "nixpkgs": {
      "locked": {
        "lastModified": 1692808169,
        "narHash": "sha256-x9Opq06rIiwdwGeK2Ykj69dNc2IvUH1fY55Wm7atwrE=",
        "owner": "NixOS",
        "repo": "nixpkgs",
        "rev": "9201b5ff357e781bf014d0330d18555695df7ba8",
        "type": "github"
      },
      "original": {
        "owner": "NixOS",
        "ref": "nixpkgs-unstable",
        "repo": "nixpkgs",
        "type": "github"
      }
    },
    "nixpkgs-regression": {
      "locked": {
        "lastModified": 1643052045,
        "narHash": "sha256-uGJ0VXIhWKGXxkeNnq4TvV3CIOkUJ3PAoLZ3HMzNVMw=",
        "owner": "NixOS",
        "repo": "nixpkgs",
        "rev": "215d4d0fd80ca5163643b03a33fde804a29cc1e2",
        "type": "github"
      },
      "original": {
        "owner": "NixOS",
        "repo": "nixpkgs",
        "rev": "215d4d0fd80ca5163643b03a33fde804a29cc1e2",
        "type": "github"
      }
    },
    "nixpkgs-regression_2": {
      "locked": {
        "lastModified": 1643052045,
        "narHash": "sha256-uGJ0VXIhWKGXxkeNnq4TvV3CIOkUJ3PAoLZ3HMzNVMw=",
        "owner": "NixOS",
        "repo": "nixpkgs",
        "rev": "215d4d0fd80ca5163643b03a33fde804a29cc1e2",
        "type": "github"
      },
      "original": {
        "owner": "NixOS",
        "repo": "nixpkgs",
        "rev": "215d4d0fd80ca5163643b03a33fde804a29cc1e2",
        "type": "github"
      }
    },
    "nixpkgs-stable": {
      "locked": {
        "lastModified": 1710695816,
        "narHash": "sha256-3Eh7fhEID17pv9ZxrPwCLfqXnYP006RKzSs0JptsN84=",
        "owner": "NixOS",
        "repo": "nixpkgs",
        "rev": "614b4613980a522ba49f0d194531beddbb7220d3",
        "type": "github"
      },
      "original": {
        "owner": "NixOS",
        "ref": "nixos-23.11",
        "repo": "nixpkgs",
        "type": "github"
      }
    },
    "nixpkgs-unfree": {
      "inputs": {
        "nixpkgs": [
          "multilab",
          "nixpkgs"
        ]
      },
      "locked": {
        "lastModified": 1723786847,
        "narHash": "sha256-hq7mji68mxznUvOB8/mEYQpWEIa21HyziVgKhiTWjXk=",
        "owner": "numtide",
        "repo": "nixpkgs-unfree",
        "rev": "c3d98baafd9f2c01101b5408c4dad4ed3a659f93",
        "type": "github"
      },
      "original": {
        "owner": "numtide",
        "repo": "nixpkgs-unfree",
        "type": "github"
      }
    },
    "nixpkgs_2": {
      "locked": {
        "lastModified": 1726595257,
        "narHash": "sha256-OTSSsRPbDfvqQF/hMeEj3FCMaAua9JzfPgg0GjlO5+Y=",
        "owner": "lopter",
        "repo": "nixpkgs",
        "rev": "6570505eda1faa0ffe355f775b86954a8fb0b0ee",
        "type": "github"
      },
      "original": {
        "owner": "lopter",
        "ref": "nixos-unstable-lo-patches",
        "repo": "nixpkgs",
        "type": "github"
      }
    },
    "plasma-manager": {
      "inputs": {
        "home-manager": [
          "home-manager"
        ],
        "nixpkgs": [
          "multilab",
          "nixpkgs"
        ]
      },
      "locked": {
        "lastModified": 1727463368,
        "narHash": "sha256-5glMknkwQejUrKy28iy/kCFlSMwHcVyf/whmxqD0ggk=",
        "owner": "nix-community",
        "repo": "plasma-manager",
        "rev": "29ad64f0ac4ae84710dfeb1d37572d95c94cbfd8",
        "type": "github"
      },
      "original": {
        "owner": "nix-community",
        "repo": "plasma-manager",
        "type": "github"
      }
    },
    "poetry2nix": {
      "inputs": {
        "flake-utils": "flake-utils",
        "nix-github-actions": "nix-github-actions",
        "nixpkgs": [
          "multilab",
          "devenv",
          "cachix",
          "devenv",
          "nixpkgs"
        ]
      },
      "locked": {
        "lastModified": 1692876271,
        "narHash": "sha256-IXfZEkI0Mal5y1jr6IRWMqK8GW2/f28xJenZIPQqkY0=",
        "owner": "nix-community",
        "repo": "poetry2nix",
        "rev": "d5006be9c2c2417dafb2e2e5034d83fabd207ee3",
        "type": "github"
      },
      "original": {
        "owner": "nix-community",
        "repo": "poetry2nix",
        "type": "github"
      }
    },
    "pre-commit-hooks": {
      "inputs": {
        "flake-compat": [
          "multilab",
          "devenv",
          "flake-compat"
        ],
        "flake-utils": "flake-utils_2",
        "gitignore": "gitignore",
        "nixpkgs": [
          "multilab",
          "devenv",
          "nixpkgs"
        ],
        "nixpkgs-stable": "nixpkgs-stable"
      },
      "locked": {
        "lastModified": 1713775815,
        "narHash": "sha256-Wu9cdYTnGQQwtT20QQMg7jzkANKQjwBD9iccfGKkfls=",
        "owner": "cachix",
        "repo": "pre-commit-hooks.nix",
        "rev": "2ac4dcbf55ed43f3be0bae15e181f08a57af24a4",
        "type": "github"
      },
      "original": {
        "owner": "cachix",
        "repo": "pre-commit-hooks.nix",
        "type": "github"
      }
    },
    "root": {
      "inputs": {
        "catppuccin": "catppuccin",
        "clan-core": "clan-core",
        "home-manager": "home-manager",
        "multilab": "multilab",
        "multilab-config": "multilab-config",
        "nixos-hardware": "nixos-hardware",
        "nixpkgs": [
          "multilab",
          "nixpkgs"
        ],
        "plasma-manager": "plasma-manager"
      }
    },
    "rust-manifest": {
      "flake": false,
      "locked": {
        "narHash": "sha256-o3ckRnKvxxyqYKYq4e3IHYFUf14FGo1YbBrDgbGOz9M=",
        "type": "file",
        "url": "https://static.rust-lang.org/dist/2024-04-09/channel-rust-stable.toml"
      },
      "original": {
        "type": "file",
        "url": "https://static.rust-lang.org/dist/2024-04-09/channel-rust-stable.toml"
      }
    },
    "rust-manifest-nightly": {
      "flake": false,
      "locked": {
        "narHash": "sha256-fWX3HhZQYyCpx34kdB0OE6TlMjyKVqd8S0C3JFS6Fk4=",
        "type": "file",
        "url": "https://static.rust-lang.org/dist/2024-07-27/channel-rust-nightly.toml"
      },
      "original": {
        "type": "file",
        "url": "https://static.rust-lang.org/dist/2024-07-27/channel-rust-nightly.toml"
      }
    },
    "sops-nix": {
      "inputs": {
        "nixpkgs": [
          "clan-core",
          "nixpkgs"
        ],
        "nixpkgs-stable": [
          "clan-core"
        ]
      },
      "locked": {
        "lastModified": 1726524647,
        "narHash": "sha256-qis6BtOOBBEAfUl7FMHqqTwRLB61OL5OFzIsOmRz2J4=",
        "owner": "Mic92",
        "repo": "sops-nix",
        "rev": "e2d404a7ea599a013189aa42947f66cede0645c8",
        "type": "github"
      },
      "original": {
        "owner": "Mic92",
        "repo": "sops-nix",
        "type": "github"
      }
    },
    "systems": {
      "locked": {
        "lastModified": 1681028828,
        "narHash": "sha256-Vy1rq5AaRuLzOxct8nz4T6wlgyUR7zLU309k9mBC768=",
        "owner": "nix-systems",
        "repo": "default",
        "rev": "da67096a3b9bf56a91d16901293e51ba5b49a27e",
        "type": "github"
      },
      "original": {
        "owner": "nix-systems",
        "repo": "default",
        "type": "github"
      }
    },
    "systems_2": {
      "locked": {
        "lastModified": 1681028828,
        "narHash": "sha256-Vy1rq5AaRuLzOxct8nz4T6wlgyUR7zLU309k9mBC768=",
        "owner": "nix-systems",
        "repo": "default",
        "rev": "da67096a3b9bf56a91d16901293e51ba5b49a27e",
        "type": "github"
      },
      "original": {
        "owner": "nix-systems",
        "repo": "default",
        "type": "github"
      }
    },
    "systems_3": {
      "locked": {
        "lastModified": 1681028828,
        "narHash": "sha256-Vy1rq5AaRuLzOxct8nz4T6wlgyUR7zLU309k9mBC768=",
        "owner": "nix-systems",
        "repo": "default",
        "rev": "da67096a3b9bf56a91d16901293e51ba5b49a27e",
        "type": "github"
      },
      "original": {
        "owner": "nix-systems",
        "repo": "default",
        "type": "github"
      }
    },
    "systems_4": {
      "locked": {
        "lastModified": 1681028828,
        "narHash": "sha256-Vy1rq5AaRuLzOxct8nz4T6wlgyUR7zLU309k9mBC768=",
        "owner": "nix-systems",
        "repo": "default",
        "rev": "da67096a3b9bf56a91d16901293e51ba5b49a27e",
        "type": "github"
      },
      "original": {
        "owner": "nix-systems",
        "repo": "default",
        "type": "github"
      }
    },
    "treefmt-nix": {
      "inputs": {
        "nixpkgs": [
          "clan-core",
          "nixpkgs"
        ]
      },
      "locked": {
        "lastModified": 1727098951,
        "narHash": "sha256-gplorAc0ISAUPemUNOnRUs7jr3WiLiHZb3DJh++IkZs=",
        "owner": "numtide",
        "repo": "treefmt-nix",
        "rev": "35dfece10c642eb52928a48bee7ac06a59f93e9a",
        "type": "github"
      },
      "original": {
        "owner": "numtide",
        "repo": "treefmt-nix",
        "type": "github"
      }
    }
  },
  "root": "root",
  "version": 7
}
